
Microsoft Visual Studio Solution File, Format Version 12.00
# Visual Studio Version 16
VisualStudioVersion = 16.0.30002.166
MinimumVisualStudioVersion = 10.0.40219.1
Project("{FAE04EC0-301F-11D3-BF4B-00C04F79EFBC}") = "Studentski dom", "Studentski dom\Studentski dom.csproj", "{DC2DFBE2-3844-4358-8439-0F6BD668F5B1}"
EndProject
Global
	GlobalSection(SolutionConfigurationPlatforms) = preSolution
		Debug|Any CPU = Debug|Any CPU
		Release|Any CPU = Release|Any CPU
	EndGlobalSection
	GlobalSection(ProjectConfigurationPlatforms) = postSolution
		{DC2DFBE2-3844-4358-8439-0F6BD668F5B1}.Debug|Any CPU.ActiveCfg = Debug|Any CPU
		{DC2DFBE2-3844-4358-8439-0F6BD668F5B1}.Debug|Any CPU.Build.0 = Debug|Any CPU
		{DC2DFBE2-3844-4358-8439-0F6BD668F5B1}.Release|Any CPU.ActiveCfg = Release|Any CPU
		{DC2DFBE2-3844-4358-8439-0F6BD668F5B1}.Release|Any CPU.Build.0 = Release|Any CPU
	EndGlobalSection
	GlobalSection(SolutionProperties) = preSolution
		HideSolutionNode = FALSE
	EndGlobalSection
	GlobalSection(ExtensibilityGlobals) = postSolution
		SolutionGuid = {A54A6E19-FA97-4907-AECB-83584975D5A8}
	EndGlobalSection
EndGlobal
